<?xml version="1.0" encoding="utf-8"?>
<Project ToolsVersion="4.0" xmlns="http://schemas.microsoft.com/developer/msbuild/2003">
  <ItemGroup>
    <Filter Include="Source Files">
      <UniqueIdentifier>{4FC737F1-C7A5-4376-A066-2A32D752A2FF}</UniqueIdentifier>
      <Extensions>cpp;c;cc;cxx;def;odl;idl;hpj;bat;asm;asmx</Extensions>
    </Filter>
    <Filter Include="Header Files">
      <UniqueIdentifier>{93995380-89BD-4b04-88EB-625FBE52EBFB}</UniqueIdentifier>
      <Extensions>h;hh;hpp;hxx;hm;inl;inc;xsd</Extensions>
    </Filter>
    <Filter Include="Resource Files">
      <UniqueIdentifier>{67DA6AB6-F800-4c08-8B7A-83BB121AAD01}</UniqueIdentifier>
      <Extensions>rc;ico;cur;bmp;dlg;rc2;rct;bin;rgs;gif;jpg;jpeg;jpe;resx;tiff;tif;png;wav;mfcribbon-ms</Extensions>
    </Filter>
    <Filter Include="generated">
      <UniqueIdentifier>{df1de35a-17bf-441a-9e37-74a8fd83b1cd}</UniqueIdentifier>
    </Filter>
  </ItemGroup>
  <ItemGroup>
    <ClInclude Include="stdafx.h">
      <Filter>Header Files</Filter>
    </ClInclude>
    <ClInclude Include="targetver.h">
      <Filter>Header Files</Filter>
    </ClInclude>
    <ClInclude Include="AvailableSonars.h">
      <Filter>Header Files</Filter>
    </ClInclude>
    <ClInclude Include="syslog.h">
      <Filter>Header Files</Filter>
    </ClInclude>
    <ClInclude Include="AvailabilityListener.h">
      <Filter>Header Files</Filter>
    </ClInclude>
    <ClInclude Include="generated\availability.pb.h">
      <Filter>generated</Filter>
    </ClInclude>
    <ClInclude Include="generated\commands.pb.h">
      <Filter>generated</Filter>
    </ClInclude>
    <ClInclude Include="generated\frame_stream.pb.h">
      <Filter>generated</Filter>
    </ClInclude>
    <ClInclude Include="resource.h">
      <Filter>Header Files</Filter>
    </ClInclude>
    <ClInclude Include="BuildInfo.h">
      <Filter>generated</Filter>
    </ClInclude>
  </ItemGroup>
  <ItemGroup>
    <ClCompile Include="stdafx.cpp">
      <Filter>Source Files</Filter>
    </ClCompile>
    <ClCompile Include="arislog.cpp">
      <Filter>Source Files</Filter>
    </ClCompile>
    <ClCompile Include="AvailableSonars.cpp">
      <Filter>Source Files</Filter>
    </ClCompile>
    <ClCompile Include="syslog.cpp">
      <Filter>Source Files</Filter>
    </ClCompile>
    <ClCompile Include="AvailabilityListener.cpp">
      <Filter>Source Files</Filter>
    </ClCompile>
    <ClCompile Include="generated\availability.pb.cc">
      <Filter>generated</Filter>
    </ClCompile>
    <ClCompile Include="generated\commands.pb.cc">
      <Filter>generated</Filter>
    </ClCompile>
    <ClCompile Include="generated\frame_stream.pb.cc">
      <Filter>generated</Filter>
    </ClCompile>
  </ItemGroup>
  <ItemGroup>
    <None Include="generate-protobuf-files.cmd" />
    <None Include="README.md" />
    <None Include="packages.config" />
  </ItemGroup>
  <ItemGroup>
    <ResourceCompile Include="arislog.rc">
      <Filter>Resource Files</Filter>
    </ResourceCompile>
  </ItemGroup>
</Project>