
Microsoft Visual Studio Solution File, Format Version 12.00
# Visual Studio Version 16
VisualStudioVersion = 16.0.29424.173
MinimumVisualStudioVersion = 10.0.40219.1
Project("{8BC9CEB8-8B4A-11D0-8D11-00A0C91BC942}") = "arislog", "arislog\arislog.vcxproj", "{CB9DA771-9393-443B-86A6-E59C8C60458A}"
EndProject
Project("{930C7802-8A8C-48F9-8165-68863BCCD9DD}") = "arislog-setup", "arislog-setup\arislog-setup.wixproj", "{4E123E51-A8E9-45B8-9D61-5730DAF2267F}"
	ProjectSection(ProjectDependencies) = postProject
		{CB9DA771-9393-443B-86A6-E59C8C60458A} = {CB9DA771-9393-443B-86A6-E59C8C60458A}
	EndProjectSection
EndProject
Global
	GlobalSection(SolutionConfigurationPlatforms) = preSolution
		Debug|x64 = Debug|x64
		Debug|x86 = Debug|x86
		Release|x64 = Release|x64
		Release|x86 = Release|x86
	EndGlobalSection
	GlobalSection(ProjectConfigurationPlatforms) = postSolution
		{CB9DA771-9393-443B-86A6-E59C8C60458A}.Debug|x64.ActiveCfg = Debug|x64
		{CB9DA771-9393-443B-86A6-E59C8C60458A}.Debug|x64.Build.0 = Debug|x64
		{CB9DA771-9393-443B-86A6-E59C8C60458A}.Debug|x86.ActiveCfg = Debug|Win32
		{CB9DA771-9393-443B-86A6-E59C8C60458A}.Debug|x86.Build.0 = Debug|Win32
		{CB9DA771-9393-443B-86A6-E59C8C60458A}.Release|x64.ActiveCfg = Release|x64
		{CB9DA771-9393-443B-86A6-E59C8C60458A}.Release|x64.Build.0 = Release|x64
		{CB9DA771-9393-443B-86A6-E59C8C60458A}.Release|x86.ActiveCfg = Release|Win32
		{CB9DA771-9393-443B-86A6-E59C8C60458A}.Release|x86.Build.0 = Release|Win32
		{4E123E51-A8E9-45B8-9D61-5730DAF2267F}.Debug|x64.ActiveCfg = Debug|x86
		{4E123E51-A8E9-45B8-9D61-5730DAF2267F}.Debug|x86.ActiveCfg = Debug|x86
		{4E123E51-A8E9-45B8-9D61-5730DAF2267F}.Debug|x86.Build.0 = Debug|x86
		{4E123E51-A8E9-45B8-9D61-5730DAF2267F}.Release|x64.ActiveCfg = Release|x86
		{4E123E51-A8E9-45B8-9D61-5730DAF2267F}.Release|x86.ActiveCfg = Release|x86
	EndGlobalSection
	GlobalSection(SolutionProperties) = preSolution
		HideSolutionNode = FALSE
	EndGlobalSection
	GlobalSection(ExtensibilityGlobals) = postSolution
		SolutionGuid = {E28A9BA4-4512-4287-AA75-6DAA1B78DE4E}
	EndGlobalSection
EndGlobal
