<?xml version="1.0" encoding="utf-8"?>
<Project ToolsVersion="4.0" xmlns="http://schemas.microsoft.com/developer/msbuild/2003">
  <ItemGroup>
    <Filter Include="Source Files">
      <UniqueIdentifier>{4FC737F1-C7A5-4376-A066-2A32D752A2FF}</UniqueIdentifier>
      <Extensions>cpp;c;cc;cxx;def;odl;idl;hpj;bat;asm;asmx</Extensions>
    </Filter>
    <Filter Include="Header Files">
      <UniqueIdentifier>{93995380-89BD-4b04-88EB-625FBE52EBFB}</UniqueIdentifier>
      <Extensions>h;hh;hpp;hxx;hm;inl;inc;xsd</Extensions>
    </Filter>
    <Filter Include="Resource Files">
      <UniqueIdentifier>{67DA6AB6-F800-4c08-8B7A-83BB121AAD01}</UniqueIdentifier>
      <Extensions>rc;ico;cur;bmp;dlg;rc2;rct;bin;rgs;gif;jpg;jpeg;jpe;resx;tiff;tif;png;wav;mfcribbon-ms</Extensions>
    </Filter>
    <Filter Include="generated">
      <UniqueIdentifier>{b887cdd5-7f43-41f0-9814-540af721e200}</UniqueIdentifier>
    </Filter>
    <Filter Include="common/code/FrameStream">
      <UniqueIdentifier>{b762bc23-14aa-497a-a70a-87eb4e898921}</UniqueIdentifier>
    </Filter>
    <Filter Include="common/code/Reordering">
      <UniqueIdentifier>{6c348a3f-77cf-4147-b129-e370531755e0}</UniqueIdentifier>
    </Filter>
  </ItemGroup>
  <ItemGroup>
    <ClInclude Include="targetver.h">
      <Filter>Header Files</Filter>
    </ClInclude>
    <ClInclude Include="generated\availability.pb.h">
      <Filter>generated</Filter>
    </ClInclude>
    <ClInclude Include="generated\commands.pb.h">
      <Filter>generated</Filter>
    </ClInclude>
    <ClInclude Include="generated\frame_stream.pb.h">
      <Filter>generated</Filter>
    </ClInclude>
    <ClInclude Include="args.h">
      <Filter>Header Files</Filter>
    </ClInclude>
    <ClInclude Include="Connection.h">
      <Filter>Header Files</Filter>
    </ClInclude>
    <ClInclude Include="ArisBeacons.h">
      <Filter>Header Files</Filter>
    </ClInclude>
    <ClInclude Include="UdpListener.h">
      <Filter>Header Files</Filter>
    </ClInclude>
    <ClInclude Include="..\..\..\common\code\FrameStream\FrameBuilder.h">
      <Filter>common/code/FrameStream</Filter>
    </ClInclude>
    <ClInclude Include="..\..\..\common\code\FrameStream\FrameStreamListener.h">
      <Filter>common/code/FrameStream</Filter>
    </ClInclude>
    <ClInclude Include="..\..\..\common\code\FrameStream\SlidingWindowFrameAssembler.h">
      <Filter>common/code/FrameStream</Filter>
    </ClInclude>
    <ClInclude Include="AcousticSettings.h">
      <Filter>Header Files</Filter>
    </ClInclude>
    <ClInclude Include="CommandBuilder.h">
      <Filter>Header Files</Filter>
    </ClInclude>
    <ClInclude Include="Frame.h">
      <Filter>Header Files</Filter>
    </ClInclude>
    <ClInclude Include="..\..\..\common\code\Reordering\Reorder.h">
      <Filter>common/code/Reordering</Filter>
    </ClInclude>
    <ClInclude Include="ArisRecording.h">
      <Filter>Header Files</Filter>
    </ClInclude>
  </ItemGroup>
  <ItemGroup>
    <ClCompile Include="generated\availability.pb.cc">
      <Filter>generated</Filter>
    </ClCompile>
    <ClCompile Include="generated\commands.pb.cc">
      <Filter>generated</Filter>
    </ClCompile>
    <ClCompile Include="generated\frame_stream.pb.cc">
      <Filter>generated</Filter>
    </ClCompile>
    <ClCompile Include="main.cpp">
      <Filter>Source Files</Filter>
    </ClCompile>
    <ClCompile Include="args.cpp">
      <Filter>Source Files</Filter>
    </ClCompile>
    <ClCompile Include="Connection.cpp">
      <Filter>Source Files</Filter>
    </ClCompile>
    <ClCompile Include="ArisBeacons.cpp">
      <Filter>Source Files</Filter>
    </ClCompile>
    <ClCompile Include="UdpListener.cpp">
      <Filter>Source Files</Filter>
    </ClCompile>
    <ClCompile Include="..\..\..\common\code\FrameStream\FrameBuilder.cpp">
      <Filter>common/code/FrameStream</Filter>
    </ClCompile>
    <ClCompile Include="..\..\..\common\code\FrameStream\FrameStreamListener.cpp">
      <Filter>common/code/FrameStream</Filter>
    </ClCompile>
    <ClCompile Include="..\..\..\common\code\FrameStream\SlidingWindowFrameAssembler.cpp">
      <Filter>common/code/FrameStream</Filter>
    </ClCompile>
    <ClCompile Include="CommandBuilder.cpp">
      <Filter>Source Files</Filter>
    </ClCompile>
    <ClCompile Include="Frame.cpp">
      <Filter>Source Files</Filter>
    </ClCompile>
    <ClCompile Include="..\..\..\common\code\Reordering\Reorder.cpp">
      <Filter>common/code/Reordering</Filter>
    </ClCompile>
    <ClCompile Include="ArisRecording.cpp">
      <Filter>Source Files</Filter>
    </ClCompile>
  </ItemGroup>
  <ItemGroup>
    <None Include="packages.config" />
    <None Include="generate-protobuf-files.cmd" />
    <None Include="README.md" />
  </ItemGroup>
</Project>