
Microsoft Visual Studio Solution File, Format Version 12.00
# Visual Studio 15
VisualStudioVersion = 15.0.27130.2036
MinimumVisualStudioVersion = 10.0.40219.1
Project("{9A19103F-16F7-4668-BE54-9A1E7A4F7556}") = "SoundMetrics.Aris.Messages", "SoundMetrics.Aris.Messages\SoundMetrics.Aris.Messages.csproj", "{847203F0-D0A0-4459-9DA4-8A2172F115E5}"
EndProject
Project("{FAE04EC0-301F-11D3-BF4B-00C04F79EFBC}") = "GetProtobufTools", "GetProtobufTools\GetProtobufTools.csproj", "{C257A627-5838-45B9-8A1B-1D1532F30ADE}"
EndProject
Project("{2150E333-8FDC-42A3-9474-1A3956D46DE8}") = "Solution Items", "Solution Items", "{D2654555-979F-4020-A426-0A6293D75B17}"
	ProjectSection(SolutionItems) = preProject
		build-packages.cmd = build-packages.cmd
		ver.platform.txt = ver.platform.txt
	EndProjectSection
EndProject
Project("{6EC3EE1D-3C4E-46DD-8F32-0CC8E7565705}") = "SoundMetrics.Aris.Comms", "SoundMetrics.Aris.Comms\SoundMetrics.Aris.Comms.fsproj", "{74B8EB49-4248-43CB-9D69-AF71B4D68E66}"
EndProject
Project("{6EC3EE1D-3C4E-46DD-8F32-0CC8E7565705}") = "SoundMetrics.Aris.Config", "SoundMetrics.Aris.Config\SoundMetrics.Aris.Config.fsproj", "{7274DF9E-EC20-4BE8-A24F-16BBC8E164D0}"
EndProject
Project("{6EC3EE1D-3C4E-46DD-8F32-0CC8E7565705}") = "SoundMetrics.Aris.FrameHeaderInjection", "SoundMetrics.Aris.FrameHeaderInjection\SoundMetrics.Aris.FrameHeaderInjection.fsproj", "{D3E9EFC1-D13E-4BD9-A7B7-9C558FAA0F13}"
EndProject
Project("{2150E333-8FDC-42A3-9474-1A3956D46DE8}") = "test", "test", "{41D1886B-1540-4597-A6AA-6D9CFC1EE247}"
EndProject
Project("{6EC3EE1D-3C4E-46DD-8F32-0CC8E7565705}") = "SoundMetrics.Aris.Comms.UT", "test\SoundMetrics.Aris.Comms.UT\SoundMetrics.Aris.Comms.UT.fsproj", "{0962340F-9FA9-4D4A-A0B3-6C2B8B46257B}"
EndProject
Global
	GlobalSection(SolutionConfigurationPlatforms) = preSolution
		Debug|Any CPU = Debug|Any CPU
		Release|Any CPU = Release|Any CPU
	EndGlobalSection
	GlobalSection(ProjectConfigurationPlatforms) = postSolution
		{847203F0-D0A0-4459-9DA4-8A2172F115E5}.Debug|Any CPU.ActiveCfg = Debug|Any CPU
		{847203F0-D0A0-4459-9DA4-8A2172F115E5}.Debug|Any CPU.Build.0 = Debug|Any CPU
		{847203F0-D0A0-4459-9DA4-8A2172F115E5}.Release|Any CPU.ActiveCfg = Release|Any CPU
		{847203F0-D0A0-4459-9DA4-8A2172F115E5}.Release|Any CPU.Build.0 = Release|Any CPU
		{C257A627-5838-45B9-8A1B-1D1532F30ADE}.Debug|Any CPU.ActiveCfg = Debug|Any CPU
		{C257A627-5838-45B9-8A1B-1D1532F30ADE}.Debug|Any CPU.Build.0 = Debug|Any CPU
		{C257A627-5838-45B9-8A1B-1D1532F30ADE}.Release|Any CPU.ActiveCfg = Release|Any CPU
		{C257A627-5838-45B9-8A1B-1D1532F30ADE}.Release|Any CPU.Build.0 = Release|Any CPU
		{74B8EB49-4248-43CB-9D69-AF71B4D68E66}.Debug|Any CPU.ActiveCfg = Debug|Any CPU
		{74B8EB49-4248-43CB-9D69-AF71B4D68E66}.Debug|Any CPU.Build.0 = Debug|Any CPU
		{74B8EB49-4248-43CB-9D69-AF71B4D68E66}.Release|Any CPU.ActiveCfg = Release|Any CPU
		{74B8EB49-4248-43CB-9D69-AF71B4D68E66}.Release|Any CPU.Build.0 = Release|Any CPU
		{7274DF9E-EC20-4BE8-A24F-16BBC8E164D0}.Debug|Any CPU.ActiveCfg = Debug|Any CPU
		{7274DF9E-EC20-4BE8-A24F-16BBC8E164D0}.Debug|Any CPU.Build.0 = Debug|Any CPU
		{7274DF9E-EC20-4BE8-A24F-16BBC8E164D0}.Release|Any CPU.ActiveCfg = Release|Any CPU
		{7274DF9E-EC20-4BE8-A24F-16BBC8E164D0}.Release|Any CPU.Build.0 = Release|Any CPU
		{D3E9EFC1-D13E-4BD9-A7B7-9C558FAA0F13}.Debug|Any CPU.ActiveCfg = Debug|Any CPU
		{D3E9EFC1-D13E-4BD9-A7B7-9C558FAA0F13}.Debug|Any CPU.Build.0 = Debug|Any CPU
		{D3E9EFC1-D13E-4BD9-A7B7-9C558FAA0F13}.Release|Any CPU.ActiveCfg = Release|Any CPU
		{D3E9EFC1-D13E-4BD9-A7B7-9C558FAA0F13}.Release|Any CPU.Build.0 = Release|Any CPU
		{0962340F-9FA9-4D4A-A0B3-6C2B8B46257B}.Debug|Any CPU.ActiveCfg = Debug|Any CPU
		{0962340F-9FA9-4D4A-A0B3-6C2B8B46257B}.Debug|Any CPU.Build.0 = Debug|Any CPU
		{0962340F-9FA9-4D4A-A0B3-6C2B8B46257B}.Release|Any CPU.ActiveCfg = Release|Any CPU
		{0962340F-9FA9-4D4A-A0B3-6C2B8B46257B}.Release|Any CPU.Build.0 = Release|Any CPU
	EndGlobalSection
	GlobalSection(SolutionProperties) = preSolution
		HideSolutionNode = FALSE
	EndGlobalSection
	GlobalSection(NestedProjects) = preSolution
		{0962340F-9FA9-4D4A-A0B3-6C2B8B46257B} = {41D1886B-1540-4597-A6AA-6D9CFC1EE247}
	EndGlobalSection
	GlobalSection(ExtensibilityGlobals) = postSolution
		SolutionGuid = {12A9E1D0-8599-4605-8DE4-62F545891404}
	EndGlobalSection
EndGlobal
