
Microsoft Visual Studio Solution File, Format Version 12.00
# Visual Studio Version 16
VisualStudioVersion = 16.0.29911.84
MinimumVisualStudioVersion = 10.0.40219.1
Project("{FAE04EC0-301F-11D3-BF4B-00C04F79EFBC}") = "arisfile", "arisfile\arisfile.csproj", "{8DC944F3-D97C-48E0-B8E1-C4B49C86EF6A}"
EndProject
Global
	GlobalSection(SolutionConfigurationPlatforms) = preSolution
		Debug|Any CPU = Debug|Any CPU
		Release|Any CPU = Release|Any CPU
	EndGlobalSection
	GlobalSection(ProjectConfigurationPlatforms) = postSolution
		{8DC944F3-D97C-48E0-B8E1-C4B49C86EF6A}.Debug|Any CPU.ActiveCfg = Debug|Any CPU
		{8DC944F3-D97C-48E0-B8E1-C4B49C86EF6A}.Debug|Any CPU.Build.0 = Debug|Any CPU
		{8DC944F3-D97C-48E0-B8E1-C4B49C86EF6A}.Release|Any CPU.ActiveCfg = Release|Any CPU
		{8DC944F3-D97C-48E0-B8E1-C4B49C86EF6A}.Release|Any CPU.Build.0 = Release|Any CPU
	EndGlobalSection
	GlobalSection(SolutionProperties) = preSolution
		HideSolutionNode = FALSE
	EndGlobalSection
	GlobalSection(ExtensibilityGlobals) = postSolution
		SolutionGuid = {3C2D71E6-960D-4D42-9253-7C557A407B11}
	EndGlobalSection
EndGlobal
