
Microsoft Visual Studio Solution File, Format Version 12.00
# Visual Studio Version 16
VisualStudioVersion = 16.0.29424.173
MinimumVisualStudioVersion = 10.0.40219.1
Project("{9A19103F-16F7-4668-BE54-9A1E7A4F7556}") = "SimplifiedProtocolTest.Core", "SimplifiedProtocolTest.Core\SimplifiedProtocolTest.Core.csproj", "{6ED3A7DF-8B27-437A-8B88-239423162E82}"
EndProject
Project("{9A19103F-16F7-4668-BE54-9A1E7A4F7556}") = "SoundMetrics.Aris.SimplifiedProtocol", "..\..\SoundMetrics.Aris.SimplifiedProtocol\SoundMetrics.Aris.SimplifiedProtocol.csproj", "{8EE4A18F-6BD5-414A-A48B-4AB75982C702}"
EndProject
Project("{9A19103F-16F7-4668-BE54-9A1E7A4F7556}") = "SoundMetrics.Aris.SimplifiedProtocol.UT", "..\..\SoundMetrics.Aris.SimplifiedProtocol.UT\SoundMetrics.Aris.SimplifiedProtocol.UT.csproj", "{8956BE05-F312-4FCE-9F82-D0DCC88FEFEE}"
EndProject
Project("{9A19103F-16F7-4668-BE54-9A1E7A4F7556}") = "SimplifiedProtocolTestWpfCore", "SimplifiedProtocolTestWpfCore\SimplifiedProtocolTestWpfCore.csproj", "{7F01F467-EA80-4E5D-9ABC-420F482E88A0}"
EndProject
Project("{6EC3EE1D-3C4E-46DD-8F32-0CC8E7565705}") = "SimpleSim", "SimpleSim\SimpleSim.fsproj", "{AC5CAF8C-8C59-419D-8BAD-7F76FDA07C2E}"
EndProject
Project("{2150E333-8FDC-42A3-9474-1A3956D46DE8}") = "Solution Items", "Solution Items", "{5A843464-3BEF-46B5-99A9-B08E82101B86}"
EndProject
Project("{F2A71F9B-5D33-465A-A702-920D77279786}") = "RangeGenerator", "RangeGenerator\RangeGenerator.fsproj", "{545D6484-E42F-425C-8CDE-C0D9B86B9EF3}"
EndProject
Global
	GlobalSection(SolutionConfigurationPlatforms) = preSolution
		Debug|Any CPU = Debug|Any CPU
		Debug|ARM = Debug|ARM
		Debug|ARM64 = Debug|ARM64
		Debug|x64 = Debug|x64
		Debug|x86 = Debug|x86
		Release|Any CPU = Release|Any CPU
		Release|ARM = Release|ARM
		Release|ARM64 = Release|ARM64
		Release|x64 = Release|x64
		Release|x86 = Release|x86
	EndGlobalSection
	GlobalSection(ProjectConfigurationPlatforms) = postSolution
		{6ED3A7DF-8B27-437A-8B88-239423162E82}.Debug|Any CPU.ActiveCfg = Debug|Any CPU
		{6ED3A7DF-8B27-437A-8B88-239423162E82}.Debug|Any CPU.Build.0 = Debug|Any CPU
		{6ED3A7DF-8B27-437A-8B88-239423162E82}.Debug|ARM.ActiveCfg = Debug|Any CPU
		{6ED3A7DF-8B27-437A-8B88-239423162E82}.Debug|ARM.Build.0 = Debug|Any CPU
		{6ED3A7DF-8B27-437A-8B88-239423162E82}.Debug|ARM64.ActiveCfg = Debug|Any CPU
		{6ED3A7DF-8B27-437A-8B88-239423162E82}.Debug|ARM64.Build.0 = Debug|Any CPU
		{6ED3A7DF-8B27-437A-8B88-239423162E82}.Debug|x64.ActiveCfg = Debug|Any CPU
		{6ED3A7DF-8B27-437A-8B88-239423162E82}.Debug|x64.Build.0 = Debug|Any CPU
		{6ED3A7DF-8B27-437A-8B88-239423162E82}.Debug|x86.ActiveCfg = Debug|Any CPU
		{6ED3A7DF-8B27-437A-8B88-239423162E82}.Debug|x86.Build.0 = Debug|Any CPU
		{6ED3A7DF-8B27-437A-8B88-239423162E82}.Release|Any CPU.ActiveCfg = Release|Any CPU
		{6ED3A7DF-8B27-437A-8B88-239423162E82}.Release|Any CPU.Build.0 = Release|Any CPU
		{6ED3A7DF-8B27-437A-8B88-239423162E82}.Release|ARM.ActiveCfg = Release|Any CPU
		{6ED3A7DF-8B27-437A-8B88-239423162E82}.Release|ARM.Build.0 = Release|Any CPU
		{6ED3A7DF-8B27-437A-8B88-239423162E82}.Release|ARM64.ActiveCfg = Release|Any CPU
		{6ED3A7DF-8B27-437A-8B88-239423162E82}.Release|ARM64.Build.0 = Release|Any CPU
		{6ED3A7DF-8B27-437A-8B88-239423162E82}.Release|x64.ActiveCfg = Release|Any CPU
		{6ED3A7DF-8B27-437A-8B88-239423162E82}.Release|x64.Build.0 = Release|Any CPU
		{6ED3A7DF-8B27-437A-8B88-239423162E82}.Release|x86.ActiveCfg = Release|Any CPU
		{6ED3A7DF-8B27-437A-8B88-239423162E82}.Release|x86.Build.0 = Release|Any CPU
		{8EE4A18F-6BD5-414A-A48B-4AB75982C702}.Debug|Any CPU.ActiveCfg = Debug|Any CPU
		{8EE4A18F-6BD5-414A-A48B-4AB75982C702}.Debug|Any CPU.Build.0 = Debug|Any CPU
		{8EE4A18F-6BD5-414A-A48B-4AB75982C702}.Debug|ARM.ActiveCfg = Debug|Any CPU
		{8EE4A18F-6BD5-414A-A48B-4AB75982C702}.Debug|ARM.Build.0 = Debug|Any CPU
		{8EE4A18F-6BD5-414A-A48B-4AB75982C702}.Debug|ARM64.ActiveCfg = Debug|Any CPU
		{8EE4A18F-6BD5-414A-A48B-4AB75982C702}.Debug|ARM64.Build.0 = Debug|Any CPU
		{8EE4A18F-6BD5-414A-A48B-4AB75982C702}.Debug|x64.ActiveCfg = Debug|Any CPU
		{8EE4A18F-6BD5-414A-A48B-4AB75982C702}.Debug|x64.Build.0 = Debug|Any CPU
		{8EE4A18F-6BD5-414A-A48B-4AB75982C702}.Debug|x86.ActiveCfg = Debug|Any CPU
		{8EE4A18F-6BD5-414A-A48B-4AB75982C702}.Debug|x86.Build.0 = Debug|Any CPU
		{8EE4A18F-6BD5-414A-A48B-4AB75982C702}.Release|Any CPU.ActiveCfg = Release|Any CPU
		{8EE4A18F-6BD5-414A-A48B-4AB75982C702}.Release|Any CPU.Build.0 = Release|Any CPU
		{8EE4A18F-6BD5-414A-A48B-4AB75982C702}.Release|ARM.ActiveCfg = Release|Any CPU
		{8EE4A18F-6BD5-414A-A48B-4AB75982C702}.Release|ARM.Build.0 = Release|Any CPU
		{8EE4A18F-6BD5-414A-A48B-4AB75982C702}.Release|ARM64.ActiveCfg = Release|Any CPU
		{8EE4A18F-6BD5-414A-A48B-4AB75982C702}.Release|ARM64.Build.0 = Release|Any CPU
		{8EE4A18F-6BD5-414A-A48B-4AB75982C702}.Release|x64.ActiveCfg = Release|Any CPU
		{8EE4A18F-6BD5-414A-A48B-4AB75982C702}.Release|x64.Build.0 = Release|Any CPU
		{8EE4A18F-6BD5-414A-A48B-4AB75982C702}.Release|x86.ActiveCfg = Release|Any CPU
		{8EE4A18F-6BD5-414A-A48B-4AB75982C702}.Release|x86.Build.0 = Release|Any CPU
		{8956BE05-F312-4FCE-9F82-D0DCC88FEFEE}.Debug|Any CPU.ActiveCfg = Debug|Any CPU
		{8956BE05-F312-4FCE-9F82-D0DCC88FEFEE}.Debug|Any CPU.Build.0 = Debug|Any CPU
		{8956BE05-F312-4FCE-9F82-D0DCC88FEFEE}.Debug|ARM.ActiveCfg = Debug|Any CPU
		{8956BE05-F312-4FCE-9F82-D0DCC88FEFEE}.Debug|ARM.Build.0 = Debug|Any CPU
		{8956BE05-F312-4FCE-9F82-D0DCC88FEFEE}.Debug|ARM64.ActiveCfg = Debug|Any CPU
		{8956BE05-F312-4FCE-9F82-D0DCC88FEFEE}.Debug|ARM64.Build.0 = Debug|Any CPU
		{8956BE05-F312-4FCE-9F82-D0DCC88FEFEE}.Debug|x64.ActiveCfg = Debug|Any CPU
		{8956BE05-F312-4FCE-9F82-D0DCC88FEFEE}.Debug|x64.Build.0 = Debug|Any CPU
		{8956BE05-F312-4FCE-9F82-D0DCC88FEFEE}.Debug|x86.ActiveCfg = Debug|Any CPU
		{8956BE05-F312-4FCE-9F82-D0DCC88FEFEE}.Debug|x86.Build.0 = Debug|Any CPU
		{8956BE05-F312-4FCE-9F82-D0DCC88FEFEE}.Release|Any CPU.ActiveCfg = Release|Any CPU
		{8956BE05-F312-4FCE-9F82-D0DCC88FEFEE}.Release|Any CPU.Build.0 = Release|Any CPU
		{8956BE05-F312-4FCE-9F82-D0DCC88FEFEE}.Release|ARM.ActiveCfg = Release|Any CPU
		{8956BE05-F312-4FCE-9F82-D0DCC88FEFEE}.Release|ARM.Build.0 = Release|Any CPU
		{8956BE05-F312-4FCE-9F82-D0DCC88FEFEE}.Release|ARM64.ActiveCfg = Release|Any CPU
		{8956BE05-F312-4FCE-9F82-D0DCC88FEFEE}.Release|ARM64.Build.0 = Release|Any CPU
		{8956BE05-F312-4FCE-9F82-D0DCC88FEFEE}.Release|x64.ActiveCfg = Release|Any CPU
		{8956BE05-F312-4FCE-9F82-D0DCC88FEFEE}.Release|x64.Build.0 = Release|Any CPU
		{8956BE05-F312-4FCE-9F82-D0DCC88FEFEE}.Release|x86.ActiveCfg = Release|Any CPU
		{8956BE05-F312-4FCE-9F82-D0DCC88FEFEE}.Release|x86.Build.0 = Release|Any CPU
		{7F01F467-EA80-4E5D-9ABC-420F482E88A0}.Debug|Any CPU.ActiveCfg = Debug|Any CPU
		{7F01F467-EA80-4E5D-9ABC-420F482E88A0}.Debug|Any CPU.Build.0 = Debug|Any CPU
		{7F01F467-EA80-4E5D-9ABC-420F482E88A0}.Debug|ARM.ActiveCfg = Debug|Any CPU
		{7F01F467-EA80-4E5D-9ABC-420F482E88A0}.Debug|ARM.Build.0 = Debug|Any CPU
		{7F01F467-EA80-4E5D-9ABC-420F482E88A0}.Debug|ARM64.ActiveCfg = Debug|Any CPU
		{7F01F467-EA80-4E5D-9ABC-420F482E88A0}.Debug|ARM64.Build.0 = Debug|Any CPU
		{7F01F467-EA80-4E5D-9ABC-420F482E88A0}.Debug|x64.ActiveCfg = Debug|Any CPU
		{7F01F467-EA80-4E5D-9ABC-420F482E88A0}.Debug|x64.Build.0 = Debug|Any CPU
		{7F01F467-EA80-4E5D-9ABC-420F482E88A0}.Debug|x86.ActiveCfg = Debug|Any CPU
		{7F01F467-EA80-4E5D-9ABC-420F482E88A0}.Debug|x86.Build.0 = Debug|Any CPU
		{7F01F467-EA80-4E5D-9ABC-420F482E88A0}.Release|Any CPU.ActiveCfg = Release|Any CPU
		{7F01F467-EA80-4E5D-9ABC-420F482E88A0}.Release|Any CPU.Build.0 = Release|Any CPU
		{7F01F467-EA80-4E5D-9ABC-420F482E88A0}.Release|ARM.ActiveCfg = Release|Any CPU
		{7F01F467-EA80-4E5D-9ABC-420F482E88A0}.Release|ARM.Build.0 = Release|Any CPU
		{7F01F467-EA80-4E5D-9ABC-420F482E88A0}.Release|ARM64.ActiveCfg = Release|Any CPU
		{7F01F467-EA80-4E5D-9ABC-420F482E88A0}.Release|ARM64.Build.0 = Release|Any CPU
		{7F01F467-EA80-4E5D-9ABC-420F482E88A0}.Release|x64.ActiveCfg = Release|Any CPU
		{7F01F467-EA80-4E5D-9ABC-420F482E88A0}.Release|x64.Build.0 = Release|Any CPU
		{7F01F467-EA80-4E5D-9ABC-420F482E88A0}.Release|x86.ActiveCfg = Release|Any CPU
		{7F01F467-EA80-4E5D-9ABC-420F482E88A0}.Release|x86.Build.0 = Release|Any CPU
		{AC5CAF8C-8C59-419D-8BAD-7F76FDA07C2E}.Debug|Any CPU.ActiveCfg = Debug|Any CPU
		{AC5CAF8C-8C59-419D-8BAD-7F76FDA07C2E}.Debug|Any CPU.Build.0 = Debug|Any CPU
		{AC5CAF8C-8C59-419D-8BAD-7F76FDA07C2E}.Debug|ARM.ActiveCfg = Debug|Any CPU
		{AC5CAF8C-8C59-419D-8BAD-7F76FDA07C2E}.Debug|ARM.Build.0 = Debug|Any CPU
		{AC5CAF8C-8C59-419D-8BAD-7F76FDA07C2E}.Debug|ARM64.ActiveCfg = Debug|Any CPU
		{AC5CAF8C-8C59-419D-8BAD-7F76FDA07C2E}.Debug|ARM64.Build.0 = Debug|Any CPU
		{AC5CAF8C-8C59-419D-8BAD-7F76FDA07C2E}.Debug|x64.ActiveCfg = Debug|Any CPU
		{AC5CAF8C-8C59-419D-8BAD-7F76FDA07C2E}.Debug|x64.Build.0 = Debug|Any CPU
		{AC5CAF8C-8C59-419D-8BAD-7F76FDA07C2E}.Debug|x86.ActiveCfg = Debug|Any CPU
		{AC5CAF8C-8C59-419D-8BAD-7F76FDA07C2E}.Debug|x86.Build.0 = Debug|Any CPU
		{AC5CAF8C-8C59-419D-8BAD-7F76FDA07C2E}.Release|Any CPU.ActiveCfg = Release|Any CPU
		{AC5CAF8C-8C59-419D-8BAD-7F76FDA07C2E}.Release|Any CPU.Build.0 = Release|Any CPU
		{AC5CAF8C-8C59-419D-8BAD-7F76FDA07C2E}.Release|ARM.ActiveCfg = Release|Any CPU
		{AC5CAF8C-8C59-419D-8BAD-7F76FDA07C2E}.Release|ARM.Build.0 = Release|Any CPU
		{AC5CAF8C-8C59-419D-8BAD-7F76FDA07C2E}.Release|ARM64.ActiveCfg = Release|Any CPU
		{AC5CAF8C-8C59-419D-8BAD-7F76FDA07C2E}.Release|ARM64.Build.0 = Release|Any CPU
		{AC5CAF8C-8C59-419D-8BAD-7F76FDA07C2E}.Release|x64.ActiveCfg = Release|Any CPU
		{AC5CAF8C-8C59-419D-8BAD-7F76FDA07C2E}.Release|x64.Build.0 = Release|Any CPU
		{AC5CAF8C-8C59-419D-8BAD-7F76FDA07C2E}.Release|x86.ActiveCfg = Release|Any CPU
		{AC5CAF8C-8C59-419D-8BAD-7F76FDA07C2E}.Release|x86.Build.0 = Release|Any CPU
		{545D6484-E42F-425C-8CDE-C0D9B86B9EF3}.Debug|Any CPU.ActiveCfg = Debug|Any CPU
		{545D6484-E42F-425C-8CDE-C0D9B86B9EF3}.Debug|Any CPU.Build.0 = Debug|Any CPU
		{545D6484-E42F-425C-8CDE-C0D9B86B9EF3}.Debug|ARM.ActiveCfg = Debug|Any CPU
		{545D6484-E42F-425C-8CDE-C0D9B86B9EF3}.Debug|ARM.Build.0 = Debug|Any CPU
		{545D6484-E42F-425C-8CDE-C0D9B86B9EF3}.Debug|ARM64.ActiveCfg = Debug|Any CPU
		{545D6484-E42F-425C-8CDE-C0D9B86B9EF3}.Debug|ARM64.Build.0 = Debug|Any CPU
		{545D6484-E42F-425C-8CDE-C0D9B86B9EF3}.Debug|x64.ActiveCfg = Debug|Any CPU
		{545D6484-E42F-425C-8CDE-C0D9B86B9EF3}.Debug|x64.Build.0 = Debug|Any CPU
		{545D6484-E42F-425C-8CDE-C0D9B86B9EF3}.Debug|x86.ActiveCfg = Debug|Any CPU
		{545D6484-E42F-425C-8CDE-C0D9B86B9EF3}.Debug|x86.Build.0 = Debug|Any CPU
		{545D6484-E42F-425C-8CDE-C0D9B86B9EF3}.Release|Any CPU.ActiveCfg = Release|Any CPU
		{545D6484-E42F-425C-8CDE-C0D9B86B9EF3}.Release|Any CPU.Build.0 = Release|Any CPU
		{545D6484-E42F-425C-8CDE-C0D9B86B9EF3}.Release|ARM.ActiveCfg = Release|Any CPU
		{545D6484-E42F-425C-8CDE-C0D9B86B9EF3}.Release|ARM.Build.0 = Release|Any CPU
		{545D6484-E42F-425C-8CDE-C0D9B86B9EF3}.Release|ARM64.ActiveCfg = Release|Any CPU
		{545D6484-E42F-425C-8CDE-C0D9B86B9EF3}.Release|ARM64.Build.0 = Release|Any CPU
		{545D6484-E42F-425C-8CDE-C0D9B86B9EF3}.Release|x64.ActiveCfg = Release|Any CPU
		{545D6484-E42F-425C-8CDE-C0D9B86B9EF3}.Release|x64.Build.0 = Release|Any CPU
		{545D6484-E42F-425C-8CDE-C0D9B86B9EF3}.Release|x86.ActiveCfg = Release|Any CPU
		{545D6484-E42F-425C-8CDE-C0D9B86B9EF3}.Release|x86.Build.0 = Release|Any CPU
	EndGlobalSection
	GlobalSection(SolutionProperties) = preSolution
		HideSolutionNode = FALSE
	EndGlobalSection
	GlobalSection(ExtensibilityGlobals) = postSolution
		SolutionGuid = {46B939AB-C074-4394-ACF3-5CEBBC613F86}
	EndGlobalSection
EndGlobal
