
Microsoft Visual Studio Solution File, Format Version 12.00
# Visual Studio Version 16
VisualStudioVersion = 16.0.29009.5
MinimumVisualStudioVersion = 10.0.40219.1
Project("{9A19103F-16F7-4668-BE54-9A1E7A4F7556}") = "SoundMetrics.Aris.Messages", "SoundMetrics.Aris.Messages\SoundMetrics.Aris.Messages.csproj", "{847203F0-D0A0-4459-9DA4-8A2172F115E5}"
	ProjectSection(ProjectDependencies) = postProject
		{57705067-6871-4C9B-B788-0EE9D0694EBC} = {57705067-6871-4C9B-B788-0EE9D0694EBC}
	EndProjectSection
EndProject
Project("{FAE04EC0-301F-11D3-BF4B-00C04F79EFBC}") = "GetProtobufTools", "GetProtobufTools\GetProtobufTools.csproj", "{C257A627-5838-45B9-8A1B-1D1532F30ADE}"
EndProject
Project("{2150E333-8FDC-42A3-9474-1A3956D46DE8}") = "Solution Items", "Solution Items", "{D2654555-979F-4020-A426-0A6293D75B17}"
	ProjectSection(SolutionItems) = preProject
		add-local-packages.ps1 = add-local-packages.ps1
		build-packages.ps1 = build-packages.ps1
		generate-build-info.cmd = generate-build-info.cmd
		push-packages.cmd = push-packages.cmd
		README.md = README.md
		ROADMAP.md = ROADMAP.md
		run-fsi.cmd = run-fsi.cmd
		validate-no-public-use-of-commands.fsx = validate-no-public-use-of-commands.fsx
		ver.platform.txt = ver.platform.txt
	EndProjectSection
EndProject
Project("{6EC3EE1D-3C4E-46DD-8F32-0CC8E7565705}") = "SoundMetrics.Aris.Comms", "SoundMetrics.Aris.Comms\SoundMetrics.Aris.Comms.fsproj", "{74B8EB49-4248-43CB-9D69-AF71B4D68E66}"
	ProjectSection(ProjectDependencies) = postProject
		{57705067-6871-4C9B-B788-0EE9D0694EBC} = {57705067-6871-4C9B-B788-0EE9D0694EBC}
	EndProjectSection
EndProject
Project("{6EC3EE1D-3C4E-46DD-8F32-0CC8E7565705}") = "SoundMetrics.Aris.FrameHeaderInjection", "SoundMetrics.Aris.FrameHeaderInjection\SoundMetrics.Aris.FrameHeaderInjection.fsproj", "{D3E9EFC1-D13E-4BD9-A7B7-9C558FAA0F13}"
	ProjectSection(ProjectDependencies) = postProject
		{57705067-6871-4C9B-B788-0EE9D0694EBC} = {57705067-6871-4C9B-B788-0EE9D0694EBC}
	EndProjectSection
EndProject
Project("{2150E333-8FDC-42A3-9474-1A3956D46DE8}") = "test", "test", "{41D1886B-1540-4597-A6AA-6D9CFC1EE247}"
EndProject
Project("{6EC3EE1D-3C4E-46DD-8F32-0CC8E7565705}") = "SoundMetrics.Aris.Comms.Integration.Test", "test\SoundMetrics.Aris.Comms.Integration.Test\SoundMetrics.Aris.Comms.Integration.Test.fsproj", "{0515F65D-AE6A-4943-9B75-84C41A6C65EF}"
EndProject
Project("{6EC3EE1D-3C4E-46DD-8F32-0CC8E7565705}") = "SoundMetrics.NativeMemory", "SoundMetrics.NativeMemory\SoundMetrics.NativeMemory.fsproj", "{178917D9-6103-4A65-85A3-E7C1048775FF}"
	ProjectSection(ProjectDependencies) = postProject
		{57705067-6871-4C9B-B788-0EE9D0694EBC} = {57705067-6871-4C9B-B788-0EE9D0694EBC}
	EndProjectSection
EndProject
Project("{9A19103F-16F7-4668-BE54-9A1E7A4F7556}") = "SoundMetrics.Aris.ReorderCS", "SoundMetrics.Aris.ReorderCS\SoundMetrics.Aris.ReorderCS.csproj", "{38FA1FAF-03D8-4D44-8449-642440D741C5}"
	ProjectSection(ProjectDependencies) = postProject
		{57705067-6871-4C9B-B788-0EE9D0694EBC} = {57705067-6871-4C9B-B788-0EE9D0694EBC}
	EndProjectSection
EndProject
Project("{2150E333-8FDC-42A3-9474-1A3956D46DE8}") = "WPF", "WPF", "{1FC131F9-3E77-4EB6-BB30-5E576B1D45C2}"
EndProject
Project("{FAE04EC0-301F-11D3-BF4B-00C04F79EFBC}") = "WpfTestBench", "WPF\WpfTestBench\WpfTestBench.csproj", "{3F22DCB6-D360-43E2-8380-4968C896B13C}"
EndProject
Project("{FAE04EC0-301F-11D3-BF4B-00C04F79EFBC}") = "SoundMetrics.Aris.PaletteShader", "SoundMetrics.Aris.PaletteShader\SoundMetrics.Aris.PaletteShader.csproj", "{9BC3B74C-6BFA-43C3-8DBC-48DD988AA591}"
	ProjectSection(ProjectDependencies) = postProject
		{57705067-6871-4C9B-B788-0EE9D0694EBC} = {57705067-6871-4C9B-B788-0EE9D0694EBC}
	EndProjectSection
EndProject
Project("{6EC3EE1D-3C4E-46DD-8F32-0CC8E7565705}") = "WpfTestBench.Model", "WPF\WpfTestBench.Model\WpfTestBench.Model.fsproj", "{D831C646-E00A-4361-974C-D1A5CE15B660}"
EndProject
Project("{6EC3EE1D-3C4E-46DD-8F32-0CC8E7565705}") = "WpfTestBench.ViewModel", "WPF\WpfTestBench.ViewModel\WpfTestBench.ViewModel.fsproj", "{09C94E33-E5A7-4993-A19C-971E016CD50C}"
EndProject
Project("{F2A71F9B-5D33-465A-A702-920D77279786}") = "FocusExercise", "test\FocusExercise\FocusExercise.fsproj", "{5E40044D-64A5-4F99-AF88-11190E38D469}"
EndProject
Project("{6EC3EE1D-3C4E-46DD-8F32-0CC8E7565705}") = "SoundMetrics.Scripting", "SoundMetrics.Scripting\SoundMetrics.Scripting.fsproj", "{8E219FB0-DBF5-4BD7-89D8-32B579F3DDA2}"
	ProjectSection(ProjectDependencies) = postProject
		{57705067-6871-4C9B-B788-0EE9D0694EBC} = {57705067-6871-4C9B-B788-0EE9D0694EBC}
	EndProjectSection
EndProject
Project("{F2A71F9B-5D33-465A-A702-920D77279786}") = "SoundMetrics.Scripting.Desktop", "SoundMetrics.Scripting.Desktop\SoundMetrics.Scripting.Desktop.fsproj", "{17F62268-0D61-414E-8FA3-44C29CDC9A2A}"
	ProjectSection(ProjectDependencies) = postProject
		{57705067-6871-4C9B-B788-0EE9D0694EBC} = {57705067-6871-4C9B-B788-0EE9D0694EBC}
	EndProjectSection
EndProject
Project("{6EC3EE1D-3C4E-46DD-8F32-0CC8E7565705}") = "SoundMetrics.Common", "SoundMetrics.Common\SoundMetrics.Common.fsproj", "{533D46E8-6D43-4389-9028-B2FDE4FC791B}"
	ProjectSection(ProjectDependencies) = postProject
		{57705067-6871-4C9B-B788-0EE9D0694EBC} = {57705067-6871-4C9B-B788-0EE9D0694EBC}
	EndProjectSection
EndProject
Project("{2150E333-8FDC-42A3-9474-1A3956D46DE8}") = "SSDP", "SSDP", "{221716C1-566A-4E28-AA29-F613334C454E}"
EndProject
Project("{FAE04EC0-301F-11D3-BF4B-00C04F79EFBC}") = "SsdpAdHocTestWPF", "SsdpAdHocTestWPF\SsdpAdHocTestWPF.csproj", "{ABB6208B-95D0-4B83-BAE2-FBDACA4F8482}"
EndProject
Project("{6EC3EE1D-3C4E-46DD-8F32-0CC8E7565705}") = "SsdpAdHocTest.Model", "SsdpAdHocTest.Model\SsdpAdHocTest.Model.fsproj", "{BD734147-CF6A-4ACF-8390-6EBC3E08DA47}"
EndProject
Project("{F2A71F9B-5D33-465A-A702-920D77279786}") = "ArisScript", "ArisScript\ArisScript.fsproj", "{C443D597-F58F-4C1A-A9A1-D1727FCDA6FC}"
EndProject
Project("{6EC3EE1D-3C4E-46DD-8F32-0CC8E7565705}") = "SoundMetrics.Network", "SoundMetrics.Network\SoundMetrics.Network.fsproj", "{374A55EE-1D9A-48A5-A44E-FAAD0197A323}"
	ProjectSection(ProjectDependencies) = postProject
		{57705067-6871-4C9B-B788-0EE9D0694EBC} = {57705067-6871-4C9B-B788-0EE9D0694EBC}
	EndProjectSection
EndProject
Project("{2150E333-8FDC-42A3-9474-1A3956D46DE8}") = "tools", "tools", "{942EC4E4-BC89-4D0B-A6E7-E6BA0308C22B}"
EndProject
Project("{6EC3EE1D-3C4E-46DD-8F32-0CC8E7565705}") = "BuildInfo", "..\..\submodules\build-tools\BuildInfo\BuildInfo.fsproj", "{57705067-6871-4C9B-B788-0EE9D0694EBC}"
EndProject
Project("{6EC3EE1D-3C4E-46DD-8F32-0CC8E7565705}") = "SoundMetrics.Dataflow", "SoundMetrics.Dataflow\SoundMetrics.Dataflow.fsproj", "{213D4734-2DBB-4368-9172-191EB7F0B885}"
	ProjectSection(ProjectDependencies) = postProject
		{57705067-6871-4C9B-B788-0EE9D0694EBC} = {57705067-6871-4C9B-B788-0EE9D0694EBC}
	EndProjectSection
EndProject
Project("{6EC3EE1D-3C4E-46DD-8F32-0CC8E7565705}") = "SoundMetrics.Data", "SoundMetrics.Data\SoundMetrics.Data.fsproj", "{54581C26-13C4-4EDF-B080-3D4F7009BD0D}"
	ProjectSection(ProjectDependencies) = postProject
		{57705067-6871-4C9B-B788-0EE9D0694EBC} = {57705067-6871-4C9B-B788-0EE9D0694EBC}
	EndProjectSection
EndProject
Project("{6EC3EE1D-3C4E-46DD-8F32-0CC8E7565705}") = "SoundMetrics.Network.UT", "SoundMetrics.Network.UT\SoundMetrics.Network.UT.fsproj", "{004BAF15-08FE-4E12-BCF2-845F76DFFA1A}"
EndProject
Project("{6EC3EE1D-3C4E-46DD-8F32-0CC8E7565705}") = "SoundMetrics.Aris.AcousticSettings", "SoundMetrics.Aris.AcousticSettings\SoundMetrics.Aris.AcousticSettings.fsproj", "{E3BA5273-B047-4F71-896F-92121A1C4F8D}"
EndProject
Project("{6EC3EE1D-3C4E-46DD-8F32-0CC8E7565705}") = "SoundMetrics.Aris.AcousticSettings.UT", "SoundMetrics.Aris.AcousticSettings.UT\SoundMetrics.Aris.AcousticSettings.UT.fsproj", "{C07FF4E0-05F7-4B90-845C-83EEBBC4CA5A}"
EndProject
Project("{9A19103F-16F7-4668-BE54-9A1E7A4F7556}") = "SoundMetrics.Data.UT", "SoundMetrics.Data.UT\SoundMetrics.Data.UT.csproj", "{0778F7D2-E5F5-4BA4-9D90-9894F91C37EA}"
EndProject
Project("{FAE04EC0-301F-11D3-BF4B-00C04F79EFBC}") = "SoundMetrics.HID.Windows", "SoundMetrics.HID.Windows\SoundMetrics.HID.Windows.csproj", "{989BFAFC-CE83-45EA-A6C5-9E8B463C7612}"
EndProject
Project("{FAE04EC0-301F-11D3-BF4B-00C04F79EFBC}") = "SoundMetrics.HID.Windows.UT", "SoundMetrics.HID.Windows.UT\SoundMetrics.HID.Windows.UT.csproj", "{21FED0F7-2832-473E-A8DA-2BA9872F39DA}"
EndProject
Project("{FAE04EC0-301F-11D3-BF4B-00C04F79EFBC}") = "SoundMetrics.DataVisualization", "SoundMetrics.DataVisualization\SoundMetrics.DataVisualization.csproj", "{BE7E1388-706E-44D7-96F6-D5CEBF2317F6}"
Project("{6EC3EE1D-3C4E-46DD-8F32-0CC8E7565705}") = "SoundMetrics.Aris.Comms.UT", "test\SoundMetrics.Aris.Comms.UT\SoundMetrics.Aris.Comms.UT.fsproj", "{D9B8E961-479E-4EEF-B363-985FA904CEB2}"
EndProject
Project("{F2A71F9B-5D33-465A-A702-920D77279786}") = "SoundMetrics.Common.UT", "test\SoundMetrics.Common.UT\SoundMetrics.Common.UT.fsproj", "{1819F258-E884-4351-AA92-EC0E8486E461}"
EndProject
Global
	GlobalSection(SolutionConfigurationPlatforms) = preSolution
		Debug|Any CPU = Debug|Any CPU
		Release|Any CPU = Release|Any CPU
	EndGlobalSection
	GlobalSection(ProjectConfigurationPlatforms) = postSolution
		{847203F0-D0A0-4459-9DA4-8A2172F115E5}.Debug|Any CPU.ActiveCfg = Debug|Any CPU
		{847203F0-D0A0-4459-9DA4-8A2172F115E5}.Debug|Any CPU.Build.0 = Debug|Any CPU
		{847203F0-D0A0-4459-9DA4-8A2172F115E5}.Release|Any CPU.ActiveCfg = Release|Any CPU
		{847203F0-D0A0-4459-9DA4-8A2172F115E5}.Release|Any CPU.Build.0 = Release|Any CPU
		{C257A627-5838-45B9-8A1B-1D1532F30ADE}.Debug|Any CPU.ActiveCfg = Debug|Any CPU
		{C257A627-5838-45B9-8A1B-1D1532F30ADE}.Debug|Any CPU.Build.0 = Debug|Any CPU
		{C257A627-5838-45B9-8A1B-1D1532F30ADE}.Release|Any CPU.ActiveCfg = Release|Any CPU
		{C257A627-5838-45B9-8A1B-1D1532F30ADE}.Release|Any CPU.Build.0 = Release|Any CPU
		{74B8EB49-4248-43CB-9D69-AF71B4D68E66}.Debug|Any CPU.ActiveCfg = Debug|Any CPU
		{74B8EB49-4248-43CB-9D69-AF71B4D68E66}.Debug|Any CPU.Build.0 = Debug|Any CPU
		{74B8EB49-4248-43CB-9D69-AF71B4D68E66}.Release|Any CPU.ActiveCfg = Release|Any CPU
		{74B8EB49-4248-43CB-9D69-AF71B4D68E66}.Release|Any CPU.Build.0 = Release|Any CPU
		{D3E9EFC1-D13E-4BD9-A7B7-9C558FAA0F13}.Debug|Any CPU.ActiveCfg = Debug|Any CPU
		{D3E9EFC1-D13E-4BD9-A7B7-9C558FAA0F13}.Debug|Any CPU.Build.0 = Debug|Any CPU
		{D3E9EFC1-D13E-4BD9-A7B7-9C558FAA0F13}.Release|Any CPU.ActiveCfg = Release|Any CPU
		{D3E9EFC1-D13E-4BD9-A7B7-9C558FAA0F13}.Release|Any CPU.Build.0 = Release|Any CPU
		{0515F65D-AE6A-4943-9B75-84C41A6C65EF}.Debug|Any CPU.ActiveCfg = Debug|Any CPU
		{0515F65D-AE6A-4943-9B75-84C41A6C65EF}.Debug|Any CPU.Build.0 = Debug|Any CPU
		{0515F65D-AE6A-4943-9B75-84C41A6C65EF}.Release|Any CPU.ActiveCfg = Release|Any CPU
		{0515F65D-AE6A-4943-9B75-84C41A6C65EF}.Release|Any CPU.Build.0 = Release|Any CPU
		{178917D9-6103-4A65-85A3-E7C1048775FF}.Debug|Any CPU.ActiveCfg = Debug|Any CPU
		{178917D9-6103-4A65-85A3-E7C1048775FF}.Debug|Any CPU.Build.0 = Debug|Any CPU
		{178917D9-6103-4A65-85A3-E7C1048775FF}.Release|Any CPU.ActiveCfg = Release|Any CPU
		{178917D9-6103-4A65-85A3-E7C1048775FF}.Release|Any CPU.Build.0 = Release|Any CPU
		{38FA1FAF-03D8-4D44-8449-642440D741C5}.Debug|Any CPU.ActiveCfg = Debug|Any CPU
		{38FA1FAF-03D8-4D44-8449-642440D741C5}.Debug|Any CPU.Build.0 = Debug|Any CPU
		{38FA1FAF-03D8-4D44-8449-642440D741C5}.Release|Any CPU.ActiveCfg = Release|Any CPU
		{38FA1FAF-03D8-4D44-8449-642440D741C5}.Release|Any CPU.Build.0 = Release|Any CPU
		{3F22DCB6-D360-43E2-8380-4968C896B13C}.Debug|Any CPU.ActiveCfg = Debug|Any CPU
		{3F22DCB6-D360-43E2-8380-4968C896B13C}.Debug|Any CPU.Build.0 = Debug|Any CPU
		{3F22DCB6-D360-43E2-8380-4968C896B13C}.Release|Any CPU.ActiveCfg = Release|Any CPU
		{3F22DCB6-D360-43E2-8380-4968C896B13C}.Release|Any CPU.Build.0 = Release|Any CPU
		{9BC3B74C-6BFA-43C3-8DBC-48DD988AA591}.Debug|Any CPU.ActiveCfg = Debug|Any CPU
		{9BC3B74C-6BFA-43C3-8DBC-48DD988AA591}.Debug|Any CPU.Build.0 = Debug|Any CPU
		{9BC3B74C-6BFA-43C3-8DBC-48DD988AA591}.Release|Any CPU.ActiveCfg = Release|Any CPU
		{9BC3B74C-6BFA-43C3-8DBC-48DD988AA591}.Release|Any CPU.Build.0 = Release|Any CPU
		{D831C646-E00A-4361-974C-D1A5CE15B660}.Debug|Any CPU.ActiveCfg = Debug|Any CPU
		{D831C646-E00A-4361-974C-D1A5CE15B660}.Debug|Any CPU.Build.0 = Debug|Any CPU
		{D831C646-E00A-4361-974C-D1A5CE15B660}.Release|Any CPU.ActiveCfg = Release|Any CPU
		{D831C646-E00A-4361-974C-D1A5CE15B660}.Release|Any CPU.Build.0 = Release|Any CPU
		{09C94E33-E5A7-4993-A19C-971E016CD50C}.Debug|Any CPU.ActiveCfg = Debug|Any CPU
		{09C94E33-E5A7-4993-A19C-971E016CD50C}.Debug|Any CPU.Build.0 = Debug|Any CPU
		{09C94E33-E5A7-4993-A19C-971E016CD50C}.Release|Any CPU.ActiveCfg = Release|Any CPU
		{09C94E33-E5A7-4993-A19C-971E016CD50C}.Release|Any CPU.Build.0 = Release|Any CPU
		{5E40044D-64A5-4F99-AF88-11190E38D469}.Debug|Any CPU.ActiveCfg = Debug|Any CPU
		{5E40044D-64A5-4F99-AF88-11190E38D469}.Debug|Any CPU.Build.0 = Debug|Any CPU
		{5E40044D-64A5-4F99-AF88-11190E38D469}.Release|Any CPU.ActiveCfg = Release|Any CPU
		{5E40044D-64A5-4F99-AF88-11190E38D469}.Release|Any CPU.Build.0 = Release|Any CPU
		{8E219FB0-DBF5-4BD7-89D8-32B579F3DDA2}.Debug|Any CPU.ActiveCfg = Debug|Any CPU
		{8E219FB0-DBF5-4BD7-89D8-32B579F3DDA2}.Debug|Any CPU.Build.0 = Debug|Any CPU
		{8E219FB0-DBF5-4BD7-89D8-32B579F3DDA2}.Release|Any CPU.ActiveCfg = Release|Any CPU
		{8E219FB0-DBF5-4BD7-89D8-32B579F3DDA2}.Release|Any CPU.Build.0 = Release|Any CPU
		{17F62268-0D61-414E-8FA3-44C29CDC9A2A}.Debug|Any CPU.ActiveCfg = Debug|Any CPU
		{17F62268-0D61-414E-8FA3-44C29CDC9A2A}.Debug|Any CPU.Build.0 = Debug|Any CPU
		{17F62268-0D61-414E-8FA3-44C29CDC9A2A}.Release|Any CPU.ActiveCfg = Release|Any CPU
		{17F62268-0D61-414E-8FA3-44C29CDC9A2A}.Release|Any CPU.Build.0 = Release|Any CPU
		{533D46E8-6D43-4389-9028-B2FDE4FC791B}.Debug|Any CPU.ActiveCfg = Debug|Any CPU
		{533D46E8-6D43-4389-9028-B2FDE4FC791B}.Debug|Any CPU.Build.0 = Debug|Any CPU
		{533D46E8-6D43-4389-9028-B2FDE4FC791B}.Release|Any CPU.ActiveCfg = Release|Any CPU
		{533D46E8-6D43-4389-9028-B2FDE4FC791B}.Release|Any CPU.Build.0 = Release|Any CPU
		{ABB6208B-95D0-4B83-BAE2-FBDACA4F8482}.Debug|Any CPU.ActiveCfg = Debug|Any CPU
		{ABB6208B-95D0-4B83-BAE2-FBDACA4F8482}.Debug|Any CPU.Build.0 = Debug|Any CPU
		{ABB6208B-95D0-4B83-BAE2-FBDACA4F8482}.Release|Any CPU.ActiveCfg = Release|Any CPU
		{ABB6208B-95D0-4B83-BAE2-FBDACA4F8482}.Release|Any CPU.Build.0 = Release|Any CPU
		{BD734147-CF6A-4ACF-8390-6EBC3E08DA47}.Debug|Any CPU.ActiveCfg = Debug|Any CPU
		{BD734147-CF6A-4ACF-8390-6EBC3E08DA47}.Debug|Any CPU.Build.0 = Debug|Any CPU
		{BD734147-CF6A-4ACF-8390-6EBC3E08DA47}.Release|Any CPU.ActiveCfg = Release|Any CPU
		{BD734147-CF6A-4ACF-8390-6EBC3E08DA47}.Release|Any CPU.Build.0 = Release|Any CPU
		{C443D597-F58F-4C1A-A9A1-D1727FCDA6FC}.Debug|Any CPU.ActiveCfg = Debug|Any CPU
		{C443D597-F58F-4C1A-A9A1-D1727FCDA6FC}.Debug|Any CPU.Build.0 = Debug|Any CPU
		{C443D597-F58F-4C1A-A9A1-D1727FCDA6FC}.Release|Any CPU.ActiveCfg = Release|Any CPU
		{C443D597-F58F-4C1A-A9A1-D1727FCDA6FC}.Release|Any CPU.Build.0 = Release|Any CPU
		{374A55EE-1D9A-48A5-A44E-FAAD0197A323}.Debug|Any CPU.ActiveCfg = Debug|Any CPU
		{374A55EE-1D9A-48A5-A44E-FAAD0197A323}.Debug|Any CPU.Build.0 = Debug|Any CPU
		{374A55EE-1D9A-48A5-A44E-FAAD0197A323}.Release|Any CPU.ActiveCfg = Release|Any CPU
		{374A55EE-1D9A-48A5-A44E-FAAD0197A323}.Release|Any CPU.Build.0 = Release|Any CPU
		{57705067-6871-4C9B-B788-0EE9D0694EBC}.Debug|Any CPU.ActiveCfg = Debug|Any CPU
		{57705067-6871-4C9B-B788-0EE9D0694EBC}.Debug|Any CPU.Build.0 = Debug|Any CPU
		{57705067-6871-4C9B-B788-0EE9D0694EBC}.Release|Any CPU.ActiveCfg = Release|Any CPU
		{57705067-6871-4C9B-B788-0EE9D0694EBC}.Release|Any CPU.Build.0 = Release|Any CPU
		{213D4734-2DBB-4368-9172-191EB7F0B885}.Debug|Any CPU.ActiveCfg = Debug|Any CPU
		{213D4734-2DBB-4368-9172-191EB7F0B885}.Debug|Any CPU.Build.0 = Debug|Any CPU
		{213D4734-2DBB-4368-9172-191EB7F0B885}.Release|Any CPU.ActiveCfg = Release|Any CPU
		{213D4734-2DBB-4368-9172-191EB7F0B885}.Release|Any CPU.Build.0 = Release|Any CPU
		{54581C26-13C4-4EDF-B080-3D4F7009BD0D}.Debug|Any CPU.ActiveCfg = Debug|Any CPU
		{54581C26-13C4-4EDF-B080-3D4F7009BD0D}.Debug|Any CPU.Build.0 = Debug|Any CPU
		{54581C26-13C4-4EDF-B080-3D4F7009BD0D}.Release|Any CPU.ActiveCfg = Release|Any CPU
		{54581C26-13C4-4EDF-B080-3D4F7009BD0D}.Release|Any CPU.Build.0 = Release|Any CPU
		{004BAF15-08FE-4E12-BCF2-845F76DFFA1A}.Debug|Any CPU.ActiveCfg = Debug|Any CPU
		{004BAF15-08FE-4E12-BCF2-845F76DFFA1A}.Debug|Any CPU.Build.0 = Debug|Any CPU
		{004BAF15-08FE-4E12-BCF2-845F76DFFA1A}.Release|Any CPU.ActiveCfg = Release|Any CPU
		{004BAF15-08FE-4E12-BCF2-845F76DFFA1A}.Release|Any CPU.Build.0 = Release|Any CPU
		{E3BA5273-B047-4F71-896F-92121A1C4F8D}.Debug|Any CPU.ActiveCfg = Debug|Any CPU
		{E3BA5273-B047-4F71-896F-92121A1C4F8D}.Debug|Any CPU.Build.0 = Debug|Any CPU
		{E3BA5273-B047-4F71-896F-92121A1C4F8D}.Release|Any CPU.ActiveCfg = Release|Any CPU
		{E3BA5273-B047-4F71-896F-92121A1C4F8D}.Release|Any CPU.Build.0 = Release|Any CPU
		{C07FF4E0-05F7-4B90-845C-83EEBBC4CA5A}.Debug|Any CPU.ActiveCfg = Debug|Any CPU
		{C07FF4E0-05F7-4B90-845C-83EEBBC4CA5A}.Debug|Any CPU.Build.0 = Debug|Any CPU
		{C07FF4E0-05F7-4B90-845C-83EEBBC4CA5A}.Release|Any CPU.ActiveCfg = Release|Any CPU
		{C07FF4E0-05F7-4B90-845C-83EEBBC4CA5A}.Release|Any CPU.Build.0 = Release|Any CPU
		{0778F7D2-E5F5-4BA4-9D90-9894F91C37EA}.Debug|Any CPU.ActiveCfg = Debug|Any CPU
		{0778F7D2-E5F5-4BA4-9D90-9894F91C37EA}.Debug|Any CPU.Build.0 = Debug|Any CPU
		{0778F7D2-E5F5-4BA4-9D90-9894F91C37EA}.Release|Any CPU.ActiveCfg = Release|Any CPU
		{0778F7D2-E5F5-4BA4-9D90-9894F91C37EA}.Release|Any CPU.Build.0 = Release|Any CPU
		{989BFAFC-CE83-45EA-A6C5-9E8B463C7612}.Debug|Any CPU.ActiveCfg = Debug|Any CPU
		{989BFAFC-CE83-45EA-A6C5-9E8B463C7612}.Debug|Any CPU.Build.0 = Debug|Any CPU
		{989BFAFC-CE83-45EA-A6C5-9E8B463C7612}.Release|Any CPU.ActiveCfg = Release|Any CPU
		{989BFAFC-CE83-45EA-A6C5-9E8B463C7612}.Release|Any CPU.Build.0 = Release|Any CPU
		{21FED0F7-2832-473E-A8DA-2BA9872F39DA}.Debug|Any CPU.ActiveCfg = Debug|Any CPU
		{21FED0F7-2832-473E-A8DA-2BA9872F39DA}.Debug|Any CPU.Build.0 = Debug|Any CPU
		{21FED0F7-2832-473E-A8DA-2BA9872F39DA}.Release|Any CPU.ActiveCfg = Release|Any CPU
		{21FED0F7-2832-473E-A8DA-2BA9872F39DA}.Release|Any CPU.Build.0 = Release|Any CPU
		{BE7E1388-706E-44D7-96F6-D5CEBF2317F6}.Debug|Any CPU.ActiveCfg = Debug|Any CPU
		{BE7E1388-706E-44D7-96F6-D5CEBF2317F6}.Debug|Any CPU.Build.0 = Debug|Any CPU
		{BE7E1388-706E-44D7-96F6-D5CEBF2317F6}.Release|Any CPU.ActiveCfg = Release|Any CPU
		{BE7E1388-706E-44D7-96F6-D5CEBF2317F6}.Release|Any CPU.Build.0 = Release|Any CPU
		{D9B8E961-479E-4EEF-B363-985FA904CEB2}.Debug|Any CPU.ActiveCfg = Debug|Any CPU
		{D9B8E961-479E-4EEF-B363-985FA904CEB2}.Debug|Any CPU.Build.0 = Debug|Any CPU
		{D9B8E961-479E-4EEF-B363-985FA904CEB2}.Release|Any CPU.ActiveCfg = Release|Any CPU
		{D9B8E961-479E-4EEF-B363-985FA904CEB2}.Release|Any CPU.Build.0 = Release|Any CPU
		{1819F258-E884-4351-AA92-EC0E8486E461}.Debug|Any CPU.ActiveCfg = Debug|Any CPU
		{1819F258-E884-4351-AA92-EC0E8486E461}.Debug|Any CPU.Build.0 = Debug|Any CPU
		{1819F258-E884-4351-AA92-EC0E8486E461}.Release|Any CPU.ActiveCfg = Release|Any CPU
		{1819F258-E884-4351-AA92-EC0E8486E461}.Release|Any CPU.Build.0 = Release|Any CPU
	EndGlobalSection
	GlobalSection(SolutionProperties) = preSolution
		HideSolutionNode = FALSE
	EndGlobalSection
	GlobalSection(NestedProjects) = preSolution
		{C257A627-5838-45B9-8A1B-1D1532F30ADE} = {942EC4E4-BC89-4D0B-A6E7-E6BA0308C22B}
		{0515F65D-AE6A-4943-9B75-84C41A6C65EF} = {41D1886B-1540-4597-A6AA-6D9CFC1EE247}
		{3F22DCB6-D360-43E2-8380-4968C896B13C} = {1FC131F9-3E77-4EB6-BB30-5E576B1D45C2}
		{9BC3B74C-6BFA-43C3-8DBC-48DD988AA591} = {1FC131F9-3E77-4EB6-BB30-5E576B1D45C2}
		{D831C646-E00A-4361-974C-D1A5CE15B660} = {1FC131F9-3E77-4EB6-BB30-5E576B1D45C2}
		{09C94E33-E5A7-4993-A19C-971E016CD50C} = {1FC131F9-3E77-4EB6-BB30-5E576B1D45C2}
		{5E40044D-64A5-4F99-AF88-11190E38D469} = {41D1886B-1540-4597-A6AA-6D9CFC1EE247}
		{221716C1-566A-4E28-AA29-F613334C454E} = {41D1886B-1540-4597-A6AA-6D9CFC1EE247}
		{ABB6208B-95D0-4B83-BAE2-FBDACA4F8482} = {221716C1-566A-4E28-AA29-F613334C454E}
		{BD734147-CF6A-4ACF-8390-6EBC3E08DA47} = {221716C1-566A-4E28-AA29-F613334C454E}
		{C443D597-F58F-4C1A-A9A1-D1727FCDA6FC} = {41D1886B-1540-4597-A6AA-6D9CFC1EE247}
		{004BAF15-08FE-4E12-BCF2-845F76DFFA1A} = {41D1886B-1540-4597-A6AA-6D9CFC1EE247}
		{C07FF4E0-05F7-4B90-845C-83EEBBC4CA5A} = {41D1886B-1540-4597-A6AA-6D9CFC1EE247}
		{D9B8E961-479E-4EEF-B363-985FA904CEB2} = {41D1886B-1540-4597-A6AA-6D9CFC1EE247}
		{1819F258-E884-4351-AA92-EC0E8486E461} = {41D1886B-1540-4597-A6AA-6D9CFC1EE247}
	EndGlobalSection
	GlobalSection(ExtensibilityGlobals) = postSolution
		SolutionGuid = {12A9E1D0-8599-4605-8DE4-62F545891404}
	EndGlobalSection
EndGlobal
